{
  "name": "workspace",
  "version": "1.0.0",
  "lockfileVersion": 3,
  "requires": true,
  "packages": {
    "": {
      "name": "workspace",
      "version": "1.0.0",
      "license": "ISC",
      "devDependencies": {
        "@ton-community/func-js": "^0.10.0",
        "ton-core": "^0.53.0"
      }
    },
    "node_modules/@ton-community/func-js": {
      "version": "0.10.0",
      "resolved": "https://registry.npmjs.org/@ton-community/func-js/-/func-js-0.10.0.tgz",
      "integrity": "sha512-YvkRTwkwc7e54Ig7oRKGercE91Fi+EuEDLO1kp/RnwslcUcgKQ+w2P7OFMNh/FWCJnU3ADhOBtfTU+dta+XHpw==",
      "dev": true,
      "license": "MIT",
      "dependencies": {
        "@ton-community/func-js-bin": "0.4.6-wasmfix.debugger.0",
        "arg": "^5.0.2",
        "fflate": "^0.8.2"
      },
      "bin": {
        "func-js": "dist/cli.js"
      }
    },
    "node_modules/@ton-community/func-js-bin": {
      "version": "0.4.6-wasmfix.debugger.0",
      "resolved": "https://registry.npmjs.org/@ton-community/func-js-bin/-/func-js-bin-0.4.6-wasmfix.debugger.0.tgz",
      "integrity": "sha512-g23zEoaTn5Rja6TBTZxX3E4zh+PlWnt7iRJJT5mPuUvQXhWB9wkx9VNZN8KpTdICJIXTW5b5wEE/801W14xQvg==",
      "dev": true,
      "license": "MIT"
    },
    "node_modules/arg": {
      "version": "5.0.2",
      "resolved": "https://registry.npmjs.org/arg/-/arg-5.0.2.tgz",
      "integrity": "sha512-PYjyFOLKQ9y57JvQ6QLo8dAgNqswh8M1RMJYdQduT6xbWSgK36P/Z/v+p888pM69jMMfS8Xd8F6I1kQ/I9HUGg==",
      "dev": true,
      "license": "MIT"
    },
    "node_modules/fflate": {
      "version": "0.8.2",
      "resolved": "https://registry.npmjs.org/fflate/-/fflate-0.8.2.tgz",
      "integrity": "sha512-cPJU47OaAoCbg0pBvzsgpTPhmhqI5eJjh/JIu8tPj5q+T7iLvW/JAYUqmE7KOB4R1ZyEhzBaIQpQpardBF5z8A==",
      "dev": true,
      "license": "MIT"
    },
    "node_modules/jssha": {
      "version": "3.2.0",
      "resolved": "https://registry.npmjs.org/jssha/-/jssha-3.2.0.tgz",
      "integrity": "sha512-QuruyBENDWdN4tZwJbQq7/eAK85FqrI4oDbXjy5IBhYD+2pTJyBUWZe8ctWaCkrV0gy6AaelgOZZBMeswEa/6Q==",
      "dev": true,
      "license": "BSD-3-Clause",
      "peer": true,
      "engines": {
        "node": "*"
      }
    },
    "node_modules/symbol.inspect": {
      "version": "1.0.1",
      "resolved": "https://registry.npmjs.org/symbol.inspect/-/symbol.inspect-1.0.1.tgz",
      "integrity": "sha512-YQSL4duoHmLhsTD1Pw8RW6TZ5MaTX5rXJnqacJottr2P2LZBF/Yvrc3ku4NUpMOm8aM0KOCqM+UAkMA5HWQCzQ==",
      "dev": true,
      "license": "ISC"
    },
    "node_modules/ton-core": {
      "version": "0.53.0",
      "resolved": "https://registry.npmjs.org/ton-core/-/ton-core-0.53.0.tgz",
      "integrity": "sha512-uO/U1oVLdEliWWbwfNQQK+61C+KM0ehcTdHQ6cN0WSEH2UzGfdVFpC4Wb0ph+wUYe/5njl7TA0uL9nif9Q6qwA==",
      "dev": true,
      "license": "MIT",
      "dependencies": {
        "symbol.inspect": "1.0.1"
      },
      "peerDependencies": {
        "ton-crypto": ">=3.2.0"
      }
    },
    "node_modules/ton-crypto": {
      "version": "3.2.0",
      "resolved": "https://registry.npmjs.org/ton-crypto/-/ton-crypto-3.2.0.tgz",
      "integrity": "sha512-fltdBNQ45gARMuGMEOjPZWPJ5eSql8p3CA0Dj7tPv5lhU5ziT8SxXLAzDraR9HJ8YpjBHLVvYyhMLRiEwxgtMQ==",
      "dev": true,
      "license": "MIT",
      "peer": true,
      "dependencies": {
        "jssha": "3.2.0",
        "ton-crypto-primitives": "2.0.0",
        "tweetnacl": "1.0.3"
      }
    },
    "node_modules/ton-crypto-primitives": {
      "version": "2.0.0",
      "resolved": "https://registry.npmjs.org/ton-crypto-primitives/-/ton-crypto-primitives-2.0.0.tgz",
      "integrity": "sha512-K+qKjpS0h9sPW6oExcpxnzuQ7nEgHEiDKwIqE/jWD25o8iFGe3FWj1gKxFNbKE9wwYKc5IV8FwrU+raF0KO5nQ==",
      "dev": true,
      "license": "MIT",
      "peer": true,
      "dependencies": {
        "jssha": "3.2.0"
      }
    },
    "node_modules/tweetnacl": {
      "version": "1.0.3",
      "resolved": "https://registry.npmjs.org/tweetnacl/-/tweetnacl-1.0.3.tgz",
      "integrity": "sha512-6rt+RN7aOi1nGMyC4Xa5DdYiukl2UWCbcJft7YhxReBGQD7OAM8Pbxw6YMo4r2diNEA8FEmu32YOn9rhaiE5yw==",
      "dev": true,
      "license": "Unlicense",
      "peer": true
    }
  }
}
